
Microsoft Visual Studio Solution File, Format Version 12.00
# Visual Studio Version 16
VisualStudioVersion = 16.0.30717.126
MinimumVisualStudioVersion = 10.0.40219.1
Project("{FAE04EC0-301F-11D3-BF4B-00C04F79EFBC}") = "LozalizaTeste", "LozalizaTeste\LozalizaTeste.csproj", "{2890076E-BDF4-4E17-B799-ABAEC638C257}"
EndProject
Project("{FAE04EC0-301F-11D3-BF4B-00C04F79EFBC}") = "Services", "Services\Services.csproj", "{6AC8CBAC-B8BF-4886-B968-3F17F258675C}"
EndProject
Project("{FAE04EC0-301F-11D3-BF4B-00C04F79EFBC}") = "ServicesTests", "ServicesTests\ServicesTests.csproj", "{B1685653-33F1-4C52-93B6-B20CD1C326E6}"
EndProject
Global
	GlobalSection(SolutionConfigurationPlatforms) = preSolution
		Debug|Any CPU = Debug|Any CPU
		Release|Any CPU = Release|Any CPU
	EndGlobalSection
	GlobalSection(ProjectConfigurationPlatforms) = postSolution
		{2890076E-BDF4-4E17-B799-ABAEC638C257}.Debug|Any CPU.ActiveCfg = Debug|Any CPU
		{2890076E-BDF4-4E17-B799-ABAEC638C257}.Debug|Any CPU.Build.0 = Debug|Any CPU
		{2890076E-BDF4-4E17-B799-ABAEC638C257}.Release|Any CPU.ActiveCfg = Release|Any CPU
		{2890076E-BDF4-4E17-B799-ABAEC638C257}.Release|Any CPU.Build.0 = Release|Any CPU
		{6AC8CBAC-B8BF-4886-B968-3F17F258675C}.Debug|Any CPU.ActiveCfg = Debug|Any CPU
		{6AC8CBAC-B8BF-4886-B968-3F17F258675C}.Debug|Any CPU.Build.0 = Debug|Any CPU
		{6AC8CBAC-B8BF-4886-B968-3F17F258675C}.Release|Any CPU.ActiveCfg = Release|Any CPU
		{6AC8CBAC-B8BF-4886-B968-3F17F258675C}.Release|Any CPU.Build.0 = Release|Any CPU
		{B1685653-33F1-4C52-93B6-B20CD1C326E6}.Debug|Any CPU.ActiveCfg = Debug|Any CPU
		{B1685653-33F1-4C52-93B6-B20CD1C326E6}.Debug|Any CPU.Build.0 = Debug|Any CPU
		{B1685653-33F1-4C52-93B6-B20CD1C326E6}.Release|Any CPU.ActiveCfg = Release|Any CPU
		{B1685653-33F1-4C52-93B6-B20CD1C326E6}.Release|Any CPU.Build.0 = Release|Any CPU
	EndGlobalSection
	GlobalSection(SolutionProperties) = preSolution
		HideSolutionNode = FALSE
	EndGlobalSection
	GlobalSection(ExtensibilityGlobals) = postSolution
		SolutionGuid = {979D36B5-F8EE-4954-A0F2-000F4CBDBFD6}
	EndGlobalSection
EndGlobal
